
Microsoft Visual Studio Solution File, Format Version 12.00
# Visual Studio Version 17
VisualStudioVersion = 17.14.36121.58 d17.14
MinimumVisualStudioVersion = 10.0.40219.1
Project("{FAE04EC0-301F-11D3-BF4B-00C04F79EFBC}") = "MoqProServer", "Src\MoqProServer\MoqProServer.csproj", "{880F3E8A-4411-4375-8093-5F064D9DA9CB}"
EndProject
Project("{FAE04EC0-301F-11D3-BF4B-00C04F79EFBC}") = "MoqProDomain", "Src\MoqProDomain\MoqProDomain.csproj", "{C42E8E69-E32B-4CB7-9255-6010C243749F}"
EndProject
Project("{FAE04EC0-301F-11D3-BF4B-00C04F79EFBC}") = "MoqProWinUi", "Src\MoqProWinUi\MoqProWinUi.csproj", "{83CC3D93-05A2-4A14-8503-8D7495E5409E}"
EndProject
Global
	GlobalSection(SolutionConfigurationPlatforms) = preSolution
		Debug|Any CPU = Debug|Any CPU
		Release|Any CPU = Release|Any CPU
	EndGlobalSection
	GlobalSection(ProjectConfigurationPlatforms) = postSolution
		{880F3E8A-4411-4375-8093-5F064D9DA9CB}.Debug|Any CPU.ActiveCfg = Debug|Any CPU
		{880F3E8A-4411-4375-8093-5F064D9DA9CB}.Debug|Any CPU.Build.0 = Debug|Any CPU
		{880F3E8A-4411-4375-8093-5F064D9DA9CB}.Release|Any CPU.ActiveCfg = Release|Any CPU
		{880F3E8A-4411-4375-8093-5F064D9DA9CB}.Release|Any CPU.Build.0 = Release|Any CPU
		{C42E8E69-E32B-4CB7-9255-6010C243749F}.Debug|Any CPU.ActiveCfg = Debug|Any CPU
		{C42E8E69-E32B-4CB7-9255-6010C243749F}.Debug|Any CPU.Build.0 = Debug|Any CPU
		{C42E8E69-E32B-4CB7-9255-6010C243749F}.Release|Any CPU.ActiveCfg = Release|Any CPU
		{C42E8E69-E32B-4CB7-9255-6010C243749F}.Release|Any CPU.Build.0 = Release|Any CPU
		{83CC3D93-05A2-4A14-8503-8D7495E5409E}.Debug|Any CPU.ActiveCfg = Debug|Any CPU
		{83CC3D93-05A2-4A14-8503-8D7495E5409E}.Debug|Any CPU.Build.0 = Debug|Any CPU
		{83CC3D93-05A2-4A14-8503-8D7495E5409E}.Release|Any CPU.ActiveCfg = Release|Any CPU
		{83CC3D93-05A2-4A14-8503-8D7495E5409E}.Release|Any CPU.Build.0 = Release|Any CPU
	EndGlobalSection
	GlobalSection(SolutionProperties) = preSolution
		HideSolutionNode = FALSE
	EndGlobalSection
	GlobalSection(ExtensibilityGlobals) = postSolution
		SolutionGuid = {95B53D63-2E6C-461C-AB54-F98819462A3C}
	EndGlobalSection
EndGlobal
